
Microsoft Visual Studio Solution File, Format Version 12.00
# Visual Studio Version 17
VisualStudioVersion = 17.0.31903.59
MinimumVisualStudioVersion = 10.0.40219.1
Project("{FAE04EC0-301F-11D3-BF4B-00C04F79EFBC}") = "API", "API\API.csproj", "{2FBBF07B-51F6-43BF-9FD2-085F0B55F279}"
EndProject
Project("{FAE04EC0-301F-11D3-BF4B-00C04F79EFBC}") = "Shared", "Shared\Shared.csproj", "{6EDA4BC2-3A2C-4101-AA22-5214C3A69E78}"
EndProject
Project("{FAE04EC0-301F-11D3-BF4B-00C04F79EFBC}") = "App", "App\App.csproj", "{60AEE8E9-2FB5-4EB3-A48D-CE4B7606C48E}"
EndProject
Global
	GlobalSection(SolutionConfigurationPlatforms) = preSolution
		Debug|Any CPU = Debug|Any CPU
		Release|Any CPU = Release|Any CPU
	EndGlobalSection
	GlobalSection(SolutionProperties) = preSolution
		HideSolutionNode = FALSE
	EndGlobalSection
	GlobalSection(ProjectConfigurationPlatforms) = postSolution
		{2FBBF07B-51F6-43BF-9FD2-085F0B55F279}.Debug|Any CPU.ActiveCfg = Debug|Any CPU
		{2FBBF07B-51F6-43BF-9FD2-085F0B55F279}.Debug|Any CPU.Build.0 = Debug|Any CPU
		{2FBBF07B-51F6-43BF-9FD2-085F0B55F279}.Release|Any CPU.ActiveCfg = Release|Any CPU
		{2FBBF07B-51F6-43BF-9FD2-085F0B55F279}.Release|Any CPU.Build.0 = Release|Any CPU
		{6EDA4BC2-3A2C-4101-AA22-5214C3A69E78}.Debug|Any CPU.ActiveCfg = Debug|Any CPU
		{6EDA4BC2-3A2C-4101-AA22-5214C3A69E78}.Debug|Any CPU.Build.0 = Debug|Any CPU
		{6EDA4BC2-3A2C-4101-AA22-5214C3A69E78}.Release|Any CPU.ActiveCfg = Release|Any CPU
		{6EDA4BC2-3A2C-4101-AA22-5214C3A69E78}.Release|Any CPU.Build.0 = Release|Any CPU
		{60AEE8E9-2FB5-4EB3-A48D-CE4B7606C48E}.Debug|Any CPU.ActiveCfg = Debug|Any CPU
		{60AEE8E9-2FB5-4EB3-A48D-CE4B7606C48E}.Debug|Any CPU.Build.0 = Debug|Any CPU
		{60AEE8E9-2FB5-4EB3-A48D-CE4B7606C48E}.Release|Any CPU.ActiveCfg = Release|Any CPU
		{60AEE8E9-2FB5-4EB3-A48D-CE4B7606C48E}.Release|Any CPU.Build.0 = Release|Any CPU
	EndGlobalSection
EndGlobal
